automation:
  - id: cb6fe244-a0a6-11eb-9123-9753fb1eb488
    alias: Cancel Wake Up
    trigger:
      - platform: state
        entity_id:
          - light.master_1
          - light.master_2
          - light.master_3
          - light.master_4
        to: 'off'
    condition:
      condition: state
      entity_id: script.wakeup
      state: 'on'
    action:
      - service: script.turn_off
        entity_id: script.wakeup
      - service: switch.turn_on
        entity_id: switch.adaptive_lighting_master_bedroom_light_adjuster

  - id: d8d919b4-a0a6-11eb-8a33-0f071476d38c
    alias: Wake Up Lights
    trigger:
      platform: template
      value_template: >
        {% set ts = states.input_datetime.alarm_time.attributes.timestamp - 600 %}
        {% set midnight = as_timestamp("%d-%d-%d 00:00:00" | format(now().year, now().month, now().day)) %}
        {{ now().strftime("%H:%M") == (midnight + ts) | timestamp_custom("%02H:%02M", 1) }}
    condition:
      - condition: state
        entity_id: input_boolean.wakeup_lights
        state: 'on'
      - condition: state
        entity_id: input_boolean.vacation_mode
        state: 'off'
    action:
      service: script.turn_on
      entity_id: script.wakeup

  # - id: e4ed7a4c-a0a6-11eb-a981-97d92297d048
  #   alias: Setup Wakeup switch for tomorrow
  #   trigger:
  #     platform: time
  #     at: '20:00:00'
  #   condition:
  #     - condition: state
  #       entity_id: input_boolean.vacation_mode
  #       state: 'off'
  #   action:
  #     service: >
  #       {% if ((as_timestamp(now())+86400) |  timestamp_custom("%w") | int) in range(1,6) %}
  #         input_boolean.turn_on
  #       {% else %}
  #         input_boolean.turn_off
  #       {% endif %}
  #     entity_id: input_boolean.wakeup_lights

input_boolean:
  wakeup_lights:
    name: Wake Up Lights
    icon: mdi:alarm

input_datetime:
  alarm_time:
    name: Alarm Time
    has_date: false
    has_time: true

intent_script:
  SetAlarmTime:
    action:
      service: input_datetime.set_datetime
      data:
        entity_id: input_datetime.alarm_time
        time: "{{ time }}"
    speech:
      type: plain
      text: >
        The wake up lights are now set to {{ states('input_datetime.alarm_time') }}.

script:
  wakeup:
    alias: "Wake Up"
    variables:
      brightness: 255
      kelvin: 2700
    sequence:
      - service: switch.turn_off
        entity_id: switch.adaptive_lighting_master_bedroom_light_adjuster
      - service: light.turn_on
        entity_id: light.master_1
        data:
          transition: 600
          <<: &alarm_clock_light
            brightness: "{{ brightness }}"
            kelvin: "{{ kelvin }}"
      - delay:
          minutes: 2
      - service: light.turn_on
        entity_id: light.master_2
        data:
          <<: *alarm_clock_light
          transition: 480
      - delay:
          minutes: 2
      - service: light.turn_on
        entity_id: light.master_3
        data:
          <<: *alarm_clock_light
          transition: 360
      - delay:
          minutes: 2
      - service: light.turn_on
        entity_id: light.master_4
        data:
          <<: *alarm_clock_light
          transition: 240
      - delay:
          minutes: 2
      - service: light.turn_on
        entity_id: light.master_hall
        data:
          <<: *alarm_clock_light
          transition: 120
      - delay:
          minutes: 2
      - service: input_boolean.turn_off
        entity_id: input_boolean.sleeping
      - service: switch.turn_on
        entity_id: switch.adaptive_lighting_master_bedroom_light_adjuster
